
Microsoft Visual Studio Solution File, Format Version 12.00
# Visual Studio Version 17
VisualStudioVersion = 17.4.33122.133
MinimumVisualStudioVersion = 10.0.40219.1
Project("{FAE04EC0-301F-11D3-BF4B-00C04F79EFBC}") = "RecruitmentAgency", "RecruitmentAgency\RecruitmentAgency.csproj", "{47D0A90E-BF0B-4769-B9A6-8DF3244A9922}"
EndProject
Global
	GlobalSection(SolutionConfigurationPlatforms) = preSolution
		Debug|Any CPU = Debug|Any CPU
		Release|Any CPU = Release|Any CPU
	EndGlobalSection
	GlobalSection(ProjectConfigurationPlatforms) = postSolution
		{47D0A90E-BF0B-4769-B9A6-8DF3244A9922}.Debug|Any CPU.ActiveCfg = Debug|Any CPU
		{47D0A90E-BF0B-4769-B9A6-8DF3244A9922}.Debug|Any CPU.Build.0 = Debug|Any CPU
		{47D0A90E-BF0B-4769-B9A6-8DF3244A9922}.Release|Any CPU.ActiveCfg = Release|Any CPU
		{47D0A90E-BF0B-4769-B9A6-8DF3244A9922}.Release|Any CPU.Build.0 = Release|Any CPU
	EndGlobalSection
	GlobalSection(SolutionProperties) = preSolution
		HideSolutionNode = FALSE
	EndGlobalSection
	GlobalSection(ExtensibilityGlobals) = postSolution
		SolutionGuid = {39B5CF7A-5010-4FC9-911D-E4441F5B7578}
	EndGlobalSection
EndGlobal
